// !$*UTF8*$!
{
	archiveVersion = 1;
	classes = {
	};
	objectVersion = 46;
	objects = {

/* Begin PBXBuildFile section */
		D86E4E901D20B4E600833299 /* AppDelegate.swift in Sources */ = {isa = PBXBuildFile; fileRef = D86E4E8F1D20B4E600833299 /* AppDelegate.swift */; };
		D86E4E921D20B4E600833299 /* ViewController.swift in Sources */ = {isa = PBXBuildFile; fileRef = D86E4E911D20B4E600833299 /* ViewController.swift */; };
		D86E4E951D20B4E600833299 /* Main.storyboard in Resources */ = {isa = PBXBuildFile; fileRef = D86E4E931D20B4E600833299 /* Main.storyboard */; };
		D86E4E971D20B4E600833299 /* Assets.xcassets in Resources */ = {isa = PBXBuildFile; fileRef = D86E4E961D20B4E600833299 /* Assets.xcassets */; };
		D86E4E9A1D20B4E600833299 /* LaunchScreen.storyboard in Resources */ = {isa = PBXBuildFile; fileRef = D86E4E981D20B4E600833299 /* LaunchScreen.storyboard */; };
		D86E4EA51D20B4E600833299 /* Attack_AppTests.swift in Sources */ = {isa = PBXBuildFile; fileRef = D86E4EA41D20B4E600833299 /* Attack_AppTests.swift */; };
		D86E4EB01D20B4E600833299 /* Attack_AppUITests.swift in Sources */ = {isa = PBXBuildFile; fileRef = D86E4EAF1D20B4E600833299 /* Attack_AppUITests.swift */; };
		D86E4EBE1D221EB500833299 /* Character.swift in Sources */ = {isa = PBXBuildFile; fileRef = D86E4EBD1D221EB500833299 /* Character.swift */; };
		D86E4EC01D221EC500833299 /* Enemy.swift in Sources */ = {isa = PBXBuildFile; fileRef = D86E4EBF1D221EC500833299 /* Enemy.swift */; };
		D86E4EC41D221EFF00833299 /* Player.swift in Sources */ = {isa = PBXBuildFile; fileRef = D86E4EC31D221EFF00833299 /* Player.swift */; };
/* End PBXBuildFile section */

/* Begin PBXContainerItemProxy section */
		D86E4EA11D20B4E600833299 /* PBXContainerItemProxy */ = {
			isa = PBXContainerItemProxy;
			containerPortal = D86E4E841D20B4E600833299 /* Project object */;
			proxyType = 1;
			remoteGlobalIDString = D86E4E8B1D20B4E600833299;
			remoteInfo = "Attack App";
		};
		D86E4EAC1D20B4E600833299 /* PBXContainerItemProxy */ = {
			isa = PBXContainerItemProxy;
			containerPortal = D86E4E841D20B4E600833299 /* Project object */;
			proxyType = 1;
			remoteGlobalIDString = D86E4E8B1D20B4E600833299;
			remoteInfo = "Attack App";
		};
/* End PBXContainerItemProxy section */

/* Begin PBXFileReference section */
		D86E4E8C1D20B4E600833299 /* Attack App.app */ = {isa = PBXFileReference; explicitFileType = wrapper.application; includeInIndex = 0; path = "Attack App.app"; sourceTree = BUILT_PRODUCTS_DIR; };
		D86E4E8F1D20B4E600833299 /* AppDelegate.swift */ = {isa = PBXFileReference; lastKnownFileType = sourcecode.swift; path = AppDelegate.swift; sourceTree = "<group>"; };
		D86E4E911D20B4E600833299 /* ViewController.swift */ = {isa = PBXFileReference; lastKnownFileType = sourcecode.swift; path = ViewController.swift; sourceTree = "<group>"; };
		D86E4E941D20B4E600833299 /* Base */ = {isa = PBXFileReference; lastKnownFileType = file.storyboard; name = Base; path = Base.lproj/Main.storyboard; sourceTree = "<group>"; };
		D86E4E961D20B4E600833299 /* Assets.xcassets */ = {isa = PBXFileReference; lastKnownFileType = folder.assetcatalog; path = Assets.xcassets; sourceTree = "<group>"; };
		D86E4E991D20B4E600833299 /* Base */ = {isa = PBXFileReference; lastKnownFileType = file.storyboard; name = Base; path = Base.lproj/LaunchScreen.storyboard; sourceTree = "<group>"; };
		D86E4E9B1D20B4E600833299 /* Info.plist */ = {isa = PBXFileReference; lastKnownFileType = text.plist.xml; path = Info.plist; sourceTree = "<group>"; };
		D86E4EA01D20B4E600833299 /* Attack AppTests.xctest */ = {isa = PBXFileReference; explicitFileType = wrapper.cfbundle; includeInIndex = 0; path = "Attack AppTests.xctest"; sourceTree = BUILT_PRODUCTS_DIR; };
		D86E4EA41D20B4E600833299 /* Attack_AppTests.swift */ = {isa = PBXFileReference; lastKnownFileType = sourcecode.swift; path = Attack_AppTests.swift; sourceTree = "<group>"; };
		D86E4EA61D20B4E600833299 /* Info.plist */ = {isa = PBXFileReference; lastKnownFileType = text.plist.xml; path = Info.plist; sourceTree = "<group>"; };
		D86E4EAB1D20B4E600833299 /* Attack AppUITests.xctest */ = {isa = PBXFileReference; explicitFileType = wrapper.cfbundle; includeInIndex = 0; path = "Attack AppUITests.xctest"; sourceTree = BUILT_PRODUCTS_DIR; };
		D86E4EAF1D20B4E600833299 /* Attack_AppUITests.swift */ = {isa = PBXFileReference; lastKnownFileType = sourcecode.swift; path = Attack_AppUITests.swift; sourceTree = "<group>"; };
		D86E4EB11D20B4E600833299 /* Info.plist */ = {isa = PBXFileReference; lastKnownFileType = text.plist.xml; path = Info.plist; sourceTree = "<group>"; };
		D86E4EBD1D221EB500833299 /* Character.swift */ = {isa = PBXFileReference; fileEncoding = 4; lastKnownFileType = sourcecode.swift; path = Character.swift; sourceTree = "<group>"; };
		D86E4EBF1D221EC500833299 /* Enemy.swift */ = {isa = PBXFileReference; fileEncoding = 4; lastKnownFileType = sourcecode.swift; path = Enemy.swift; sourceTree = "<group>"; };
		D86E4EC31D221EFF00833299 /* Player.swift */ = {isa = PBXFileReference; fileEncoding = 4; lastKnownFileType = sourcecode.swift; name = Player.swift; path = ../Player.swift; sourceTree = "<group>"; };
/* End PBXFileReference section */

/* Begin PBXFrameworksBuildPhase section */
		D86E4E891D20B4E600833299 /* Frameworks */ = {
			isa = PBXFrameworksBuildPhase;
			buildActionMask = 2147483647;
			files = (
			);
			runOnlyForDeploymentPostprocessing = 0;
		};
		D86E4E9D1D20B4E600833299 /* Frameworks */ = {
			isa = PBXFrameworksBuildPhase;
			buildActionMask = 2147483647;
			files = (
			);
			runOnlyForDeploymentPostprocessing = 0;
		};
		D86E4EA81D20B4E600833299 /* Frameworks */ = {
			isa = PBXFrameworksBuildPhase;
			buildActionMask = 2147483647;
			files = (
			);
			runOnlyForDeploymentPostprocessing = 0;
		};
/* End PBXFrameworksBuildPhase section */

/* Begin PBXGroup section */
		D86E4E831D20B4E600833299 = {
			isa = PBXGroup;
			children = (
				D86E4E8E1D20B4E600833299 /* Attack App */,
				D86E4EA31D20B4E600833299 /* Attack AppTests */,
				D86E4EAE1D20B4E600833299 /* Attack AppUITests */,
				D86E4E8D1D20B4E600833299 /* Products */,
			);
			sourceTree = "<group>";
		};
		D86E4E8D1D20B4E600833299 /* Products */ = {
			isa = PBXGroup;
			children = (
				D86E4E8C1D20B4E600833299 /* Attack App.app */,
				D86E4EA01D20B4E600833299 /* Attack AppTests.xctest */,
				D86E4EAB1D20B4E600833299 /* Attack AppUITests.xctest */,
			);
			name = Products;
			sourceTree = "<group>";
		};
		D86E4E8E1D20B4E600833299 /* Attack App */ = {
			isa = PBXGroup;
			children = (
				D86E4E8F1D20B4E600833299 /* AppDelegate.swift */,
				D86E4E911D20B4E600833299 /* ViewController.swift */,
				D86E4E931D20B4E600833299 /* Main.storyboard */,
				D86E4E961D20B4E600833299 /* Assets.xcassets */,
				D86E4E981D20B4E600833299 /* LaunchScreen.storyboard */,
				D86E4E9B1D20B4E600833299 /* Info.plist */,
				D86E4EBD1D221EB500833299 /* Character.swift */,
				D86E4EBF1D221EC500833299 /* Enemy.swift */,
				D86E4EC31D221EFF00833299 /* Player.swift */,
			);
			path = "Attack App";
			sourceTree = "<group>";
		};
		D86E4EA31D20B4E600833299 /* Attack AppTests */ = {
			isa = PBXGroup;
			children = (
				D86E4EA41D20B4E600833299 /* Attack_AppTests.swift */,
				D86E4EA61D20B4E600833299 /* Info.plist */,
			);
			path = "Attack AppTests";
			sourceTree = "<group>";
		};
		D86E4EAE1D20B4E600833299 /* Attack AppUITests */ = {
			isa = PBXGroup;
			children = (
				D86E4EAF1D20B4E600833299 /* Attack_AppUITests.swift */,
				D86E4EB11D20B4E600833299 /* Info.plist */,
			);
			path = "Attack AppUITests";
			sourceTree = "<group>";
		};
/* End PBXGroup section */

/* Begin PBXNativeTarget section */
		D86E4E8B1D20B4E600833299 /* Attack App */ = {
			isa = PBXNativeTarget;
			buildConfigurationList = D86E4EB41D20B4E600833299 /* Build configuration list for PBXNativeTarget "Attack App" */;
			buildPhases = (
				D86E4E881D20B4E600833299 /* Sources */,
				D86E4E891D20B4E600833299 /* Frameworks */,
				D86E4E8A1D20B4E600833299 /* Resources */,
			);
			buildRules = (
			);
			dependencies = (
			);
			name = "Attack App";
			productName = "Attack App";
			productReference = D86E4E8C1D20B4E600833299 /* Attack App.app */;
			productType = "com.apple.product-type.application";
		};
		D86E4E9F1D20B4E600833299 /* Attack AppTests */ = {
			isa = PBXNativeTarget;
			buildConfigurationList = D86E4EB71D20B4E600833299 /* Build configuration list for PBXNativeTarget "Attack AppTests" */;
			buildPhases = (
				D86E4E9C1D20B4E600833299 /* Sources */,
				D86E4E9D1D20B4E600833299 /* Frameworks */,
				D86E4E9E1D20B4E600833299 /* Resources */,
			);
			buildRules = (
			);
			dependencies = (
				D86E4EA21D20B4E600833299 /* PBXTargetDependency */,
			);
			name = "Attack AppTests";
			productName = "Attack AppTests";
			productReference = D86E4EA01D20B4E600833299 /* Attack AppTests.xctest */;
			productType = "com.apple.product-type.bundle.unit-test";
		};
		D86E4EAA1D20B4E600833299 /* Attack AppUITests */ = {
			isa = PBXNativeTarget;
			buildConfigurationList = D86E4EBA1D20B4E600833299 /* Build configuration list for PBXNativeTarget "Attack AppUITests" */;
			buildPhases = (
				D86E4EA71D20B4E600833299 /* Sources */,
				D86E4EA81D20B4E600833299 /* Frameworks */,
				D86E4EA91D20B4E600833299 /* Resources */,
			);
			buildRules = (
			);
			dependencies = (
				D86E4EAD1D20B4E600833299 /* PBXTargetDependency */,
			);
			name = "Attack AppUITests";
			productName = "Attack AppUITests";
			productReference = D86E4EAB1D20B4E600833299 /* Attack AppUITests.xctest */;
			productType = "com.apple.product-type.bundle.ui-testing";
		};
/* End PBXNativeTarget section */

/* Begin PBXProject section */
		D86E4E841D20B4E600833299 /* Project object */ = {
			isa = PBXProject;
			attributes = {
				LastSwiftUpdateCheck = 0730;
				LastUpgradeCheck = 0730;
				ORGANIZATIONNAME = "Diero Kreator";
				TargetAttributes = {
					D86E4E8B1D20B4E600833299 = {
						CreatedOnToolsVersion = 7.3;
					};
					D86E4E9F1D20B4E600833299 = {
						CreatedOnToolsVersion = 7.3;
						TestTargetID = D86E4E8B1D20B4E600833299;
					};
					D86E4EAA1D20B4E600833299 = {
						CreatedOnToolsVersion = 7.3;
						TestTargetID = D86E4E8B1D20B4E600833299;
					};
				};
			};
			buildConfigurationList = D86E4E871D20B4E600833299 /* Build configuration list for PBXProject "Attack App" */;
			compatibilityVersion = "Xcode 3.2";
			developmentRegion = English;
			hasScannedForEncodings = 0;
			knownRegions = (
				en,
				Base,
			);
			mainGroup = D86E4E831D20B4E600833299;
			productRefGroup = D86E4E8D1D20B4E600833299 /* Products */;
			projectDirPath = "";
			projectRoot = "";
			targets = (
				D86E4E8B1D20B4E600833299 /* Attack App */,
				D86E4E9F1D20B4E600833299 /* Attack AppTests */,
				D86E4EAA1D20B4E600833299 /* Attack AppUITests */,
			);
		};
/* End PBXProject section */

/* Begin PBXResourcesBuildPhase section */
		D86E4E8A1D20B4E600833299 /* Resources */ = {
			isa = PBXResourcesBuildPhase;
			buildActionMask = 2147483647;
			files = (
				D86E4E9A1D20B4E600833299 /* LaunchScreen.storyboard in Resources */,
				D86E4E971D20B4E600833299 /* Assets.xcassets in Resources */,
				D86E4E951D20B4E600833299 /* Main.storyboard in Resources */,
			);
			runOnlyForDeploymentPostprocessing = 0;
		};
		D86E4E9E1D20B4E600833299 /* Resources */ = {
			isa = PBXResourcesBuildPhase;
			buildActionMask = 2147483647;
			files = (
			);
			runOnlyForDeploymentPostprocessing = 0;
		};
		D86E4EA91D20B4E600833299 /* Resources */ = {
			isa = PBXResourcesBuildPhase;
			buildActionMask = 2147483647;
			files = (
			);
			runOnlyForDeploymentPostprocessing = 0;
		};
/* End PBXResourcesBuildPhase section */

/* Begin PBXSourcesBuildPhase section */
		D86E4E881D20B4E600833299 /* Sources */ = {
			isa = PBXSourcesBuildPhase;
			buildActionMask = 2147483647;
			files = (
				D86E4EC01D221EC500833299 /* Enemy.swift in Sources */,
				D86E4EBE1D221EB500833299 /* Character.swift in Sources */,
				D86E4E921D20B4E600833299 /* ViewController.swift in Sources */,
				D86E4EC41D221EFF00833299 /* Player.swift in Sources */,
				D86E4E901D20B4E600833299 /* AppDelegate.swift in Sources */,
			);
			runOnlyForDeploymentPostprocessing = 0;
		};
		D86E4E9C1D20B4E600833299 /* Sources */ = {
			isa = PBXSourcesBuildPhase;
			buildActionMask = 2147483647;
			files = (
				D86E4EA51D20B4E600833299 /* Attack_AppTests.swift in Sources */,
			);
			runOnlyForDeploymentPostprocessing = 0;
		};
		D86E4EA71D20B4E600833299 /* Sources */ = {
			isa = PBXSourcesBuildPhase;
			buildActionMask = 2147483647;
			files = (
				D86E4EB01D20B4E600833299 /* Attack_AppUITests.swift in Sources */,
			);
			runOnlyForDeploymentPostprocessing = 0;
		};
/* End PBXSourcesBuildPhase section */

/* Begin PBXTargetDependency section */
		D86E4EA21D20B4E600833299 /* PBXTargetDependency */ = {
			isa = PBXTargetDependency;
			target = D86E4E8B1D20B4E600833299 /* Attack App */;
			targetProxy = D86E4EA11D20B4E600833299 /* PBXContainerItemProxy */;
		};
		D86E4EAD1D20B4E600833299 /* PBXTargetDependency */ = {
			isa = PBXTargetDependency;
			target = D86E4E8B1D20B4E600833299 /* Attack App */;
			targetProxy = D86E4EAC1D20B4E600833299 /* PBXContainerItemProxy */;
		};
/* End PBXTargetDependency section */

/* Begin PBXVariantGroup section */
		D86E4E931D20B4E600833299 /* Main.storyboard */ = {
			isa = PBXVariantGroup;
			children = (
				D86E4E941D20B4E600833299 /* Base */,
			);
			name = Main.storyboard;
			sourceTree = "<group>";
		};
		D86E4E981D20B4E600833299 /* LaunchScreen.storyboard */ = {
			isa = PBXVariantGroup;
			children = (
				D86E4E991D20B4E600833299 /* Base */,
			);
			name = LaunchScreen.storyboard;
			sourceTree = "<group>";
		};
/* End PBXVariantGroup section */

/* Begin XCBuildConfiguration section */
		D86E4EB21D20B4E600833299 /* Debug */ = {
			isa = XCBuildConfiguration;
			buildSettings = {
				ALWAYS_SEARCH_USER_PATHS = NO;
				CLANG_ANALYZER_NONNULL = YES;
				CLANG_CXX_LANGUAGE_STANDARD = "gnu++0x";
				CLANG_CXX_LIBRARY = "libc++";
				CLANG_ENABLE_MODULES = YES;
				CLANG_ENABLE_OBJC_ARC = YES;
				CLANG_WARN_BOOL_CONVERSION = YES;
				CLANG_WARN_CONSTANT_CONVERSION = YES;
				CLANG_WARN_DIRECT_OBJC_ISA_USAGE = YES_ERROR;
				CLANG_WARN_EMPTY_BODY = YES;
				CLANG_WARN_ENUM_CONVERSION = YES;
				CLANG_WARN_INT_CONVERSION = YES;
				CLANG_WARN_OBJC_ROOT_CLASS = YES_ERROR;
				CLANG_WARN_UNREACHABLE_CODE = YES;
				CLANG_WARN__DUPLICATE_METHOD_MATCH = YES;
				"CODE_SIGN_IDENTITY[sdk=iphoneos*]" = "iPhone Developer";
				COPY_PHASE_STRIP = NO;
				DEBUG_INFORMATION_FORMAT = dwarf;
				ENABLE_STRICT_OBJC_MSGSEND = YES;
				ENABLE_TESTABILITY = YES;
				GCC_C_LANGUAGE_STANDARD = gnu99;
				GCC_DYNAMIC_NO_PIC = NO;
				GCC_NO_COMMON_BLOCKS = YES;
				GCC_OPTIMIZATION_LEVEL = 0;
				GCC_PREPROCESSOR_DEFINITIONS = (
					"DEBUG=1",
					"$(inherited)",
				);
				GCC_WARN_64_TO_32_BIT_CONVERSION = YES;
				GCC_WARN_ABOUT_RETURN_TYPE = YES_ERROR;
				GCC_WARN_UNDECLARED_SELECTOR = YES;
				GCC_WARN_UNINITIALIZED_AUTOS = YES_AGGRESSIVE;
				GCC_WARN_UNUSED_FUNCTION = YES;
				GCC_WARN_UNUSED_VARIABLE = YES;
				IPHONEOS_DEPLOYMENT_TARGET = 9.3;
				MTL_ENABLE_DEBUG_INFO = YES;
				ONLY_ACTIVE_ARCH = YES;
				SDKROOT = iphoneos;
				SWIFT_OPTIMIZATION_LEVEL = "-Onone";
				TARGETED_DEVICE_FAMILY = "1,2";
			};
			name = Debug;
		};
		D86E4EB31D20B4E600833299 /* Release */ = {
			isa = XCBuildConfiguration;
			buildSettings = {
				ALWAYS_SEARCH_USER_PATHS = NO;
				CLANG_ANALYZER_NONNULL = YES;
				CLANG_CXX_LANGUAGE_STANDARD = "gnu++0x";
				CLANG_CXX_LIBRARY = "libc++";
				CLANG_ENABLE_MODULES = YES;
				CLANG_ENABLE_OBJC_ARC = YES;
				CLANG_WARN_BOOL_CONVERSION = YES;
				CLANG_WARN_CONSTANT_CONVERSION = YES;
				CLANG_WARN_DIRECT_OBJC_ISA_USAGE = YES_ERROR;
				CLANG_WARN_EMPTY_BODY = YES;
				CLANG_WARN_ENUM_CONVERSION = YES;
				CLANG_WARN_INT_CONVERSION = YES;
				CLANG_WARN_OBJC_ROOT_CLASS = YES_ERROR;
				CLANG_WARN_UNREACHABLE_CODE = YES;
				CLANG_WARN__DUPLICATE_METHOD_MATCH = YES;
				"CODE_SIGN_IDENTITY[sdk=iphoneos*]" = "iPhone Developer";
				COPY_PHASE_STRIP = NO;
				DEBUG_INFORMATION_FORMAT = "dwarf-with-dsym";
				ENABLE_NS_ASSERTIONS = NO;
				ENABLE_STRICT_OBJC_MSGSEND = YES;
				GCC_C_LANGUAGE_STANDARD = gnu99;
				GCC_NO_COMMON_BLOCKS = YES;
				GCC_WARN_64_TO_32_BIT_CONVERSION = YES;
				GCC_WARN_ABOUT_RETURN_TYPE = YES_ERROR;
				GCC_WARN_UNDECLARED_SELECTOR = YES;
				GCC_WARN_UNINITIALIZED_AUTOS = YES_AGGRESSIVE;
				GCC_WARN_UNUSED_FUNCTION = YES;
				GCC_WARN_UNUSED_VARIABLE = YES;
				IPHONEOS_DEPLOYMENT_TARGET = 9.3;
				MTL_ENABLE_DEBUG_INFO = NO;
				SDKROOT = iphoneos;
				TARGETED_DEVICE_FAMILY = "1,2";
				VALIDATE_PRODUCT = YES;
			};
			name = Release;
		};
		D86E4EB51D20B4E600833299 /* Debug */ = {
			isa = XCBuildConfiguration;
			buildSettings = {
				ASSETCATALOG_COMPILER_APPICON_NAME = AppIcon;
				INFOPLIST_FILE = "Attack App/Info.plist";
				LD_RUNPATH_SEARCH_PATHS = "$(inherited) @executable_path/Frameworks";
				PRODUCT_BUNDLE_IDENTIFIER = "rojas.diego.Attack-App";
				PRODUCT_NAME = "$(TARGET_NAME)";
			};
			name = Debug;
		};
		D86E4EB61D20B4E600833299 /* Release */ = {
			isa = XCBuildConfiguration;
			buildSettings = {
				ASSETCATALOG_COMPILER_APPICON_NAME = AppIcon;
				INFOPLIST_FILE = "Attack App/Info.plist";
				LD_RUNPATH_SEARCH_PATHS = "$(inherited) @executable_path/Frameworks";
				PRODUCT_BUNDLE_IDENTIFIER = "rojas.diego.Attack-App";
				PRODUCT_NAME = "$(TARGET_NAME)";
			};
			name = Release;
		};
		D86E4EB81D20B4E600833299 /* Debug */ = {
			isa = XCBuildConfiguration;
			buildSettings = {
				BUNDLE_LOADER = "$(TEST_HOST)";
				INFOPLIST_FILE = "Attack AppTests/Info.plist";
				LD_RUNPATH_SEARCH_PATHS = "$(inherited) @executable_path/Frameworks @loader_path/Frameworks";
				PRODUCT_BUNDLE_IDENTIFIER = "rojas.diego.Attack-AppTests";
				PRODUCT_NAME = "$(TARGET_NAME)";
				TEST_HOST = "$(BUILT_PRODUCTS_DIR)/Attack App.app/Attack App";
			};
			name = Debug;
		};
		D86E4EB91D20B4E600833299 /* Release */ = {
			isa = XCBuildConfiguration;
			buildSettings = {
				BUNDLE_LOADER = "$(TEST_HOST)";
				INFOPLIST_FILE = "Attack AppTests/Info.plist";
				LD_RUNPATH_SEARCH_PATHS = "$(inherited) @executable_path/Frameworks @loader_path/Frameworks";
				PRODUCT_BUNDLE_IDENTIFIER = "rojas.diego.Attack-AppTests";
				PRODUCT_NAME = "$(TARGET_NAME)";
				TEST_HOST = "$(BUILT_PRODUCTS_DIR)/Attack App.app/Attack App";
			};
			name = Release;
		};
		D86E4EBB1D20B4E600833299 /* Debug */ = {
			isa = XCBuildConfiguration;
			buildSettings = {
				INFOPLIST_FILE = "Attack AppUITests/Info.plist";
				LD_RUNPATH_SEARCH_PATHS = "$(inherited) @executable_path/Frameworks @loader_path/Frameworks";
				PRODUCT_BUNDLE_IDENTIFIER = "rojas.diego.Attack-AppUITests";
				PRODUCT_NAME = "$(TARGET_NAME)";
				TEST_TARGET_NAME = "Attack App";
			};
			name = Debug;
		};
		D86E4EBC1D20B4E600833299 /* Release */ = {
			isa = XCBuildConfiguration;
			buildSettings = {
				INFOPLIST_FILE = "Attack AppUITests/Info.plist";
				LD_RUNPATH_SEARCH_PATHS = "$(inherited) @executable_path/Frameworks @loader_path/Frameworks";
				PRODUCT_BUNDLE_IDENTIFIER = "rojas.diego.Attack-AppUITests";
				PRODUCT_NAME = "$(TARGET_NAME)";
				TEST_TARGET_NAME = "Attack App";
			};
			name = Release;
		};
/* End XCBuildConfiguration section */

/* Begin XCConfigurationList section */
		D86E4E871D20B4E600833299 /* Build configuration list for PBXProject "Attack App" */ = {
			isa = XCConfigurationList;
			buildConfigurations = (
				D86E4EB21D20B4E600833299 /* Debug */,
				D86E4EB31D20B4E600833299 /* Release */,
			);
			defaultConfigurationIsVisible = 0;
			defaultConfigurationName = Release;
		};
		D86E4EB41D20B4E600833299 /* Build configuration list for PBXNativeTarget "Attack App" */ = {
			isa = XCConfigurationList;
			buildConfigurations = (
				D86E4EB51D20B4E600833299 /* Debug */,
				D86E4EB61D20B4E600833299 /* Release */,
			);
			defaultConfigurationIsVisible = 0;
		};
		D86E4EB71D20B4E600833299 /* Build configuration list for PBXNativeTarget "Attack AppTests" */ = {
			isa = XCConfigurationList;
			buildConfigurations = (
				D86E4EB81D20B4E600833299 /* Debug */,
				D86E4EB91D20B4E600833299 /* Release */,
			);
			defaultConfigurationIsVisible = 0;
		};
		D86E4EBA1D20B4E600833299 /* Build configuration list for PBXNativeTarget "Attack AppUITests" */ = {
			isa = XCConfigurationList;
			buildConfigurations = (
				D86E4EBB1D20B4E600833299 /* Debug */,
				D86E4EBC1D20B4E600833299 /* Release */,
			);
			defaultConfigurationIsVisible = 0;
		};
/* End XCConfigurationList section */
	};
	rootObject = D86E4E841D20B4E600833299 /* Project object */;
}
